
Microsoft Visual Studio Solution File, Format Version 12.00
# Visual Studio Version 17
VisualStudioVersion = 17.9.34728.123
MinimumVisualStudioVersion = 10.0.40219.1
Project("{FAE04EC0-301F-11D3-BF4B-00C04F79EFBC}") = "Practice", "Practice.csproj", "{4A409842-295B-44F1-A4F7-490B74CC9F04}"
EndProject
Global
	GlobalSection(SolutionConfigurationPlatforms) = preSolution
		Debug|Any CPU = Debug|Any CPU
		Release|Any CPU = Release|Any CPU
	EndGlobalSection
	GlobalSection(ProjectConfigurationPlatforms) = postSolution
		{4A409842-295B-44F1-A4F7-490B74CC9F04}.Debug|Any CPU.ActiveCfg = Debug|Any CPU
		{4A409842-295B-44F1-A4F7-490B74CC9F04}.Debug|Any CPU.Build.0 = Debug|Any CPU
		{4A409842-295B-44F1-A4F7-490B74CC9F04}.Release|Any CPU.ActiveCfg = Release|Any CPU
		{4A409842-295B-44F1-A4F7-490B74CC9F04}.Release|Any CPU.Build.0 = Release|Any CPU
	EndGlobalSection
	GlobalSection(SolutionProperties) = preSolution
		HideSolutionNode = FALSE
	EndGlobalSection
	GlobalSection(ExtensibilityGlobals) = postSolution
		SolutionGuid = {37EA2821-5486-4578-8651-1C56443A1CD8}
	EndGlobalSection
EndGlobal
